
Microsoft Visual Studio Solution File, Format Version 12.00
# Visual Studio 15
VisualStudioVersion = 15.0.28307.902
MinimumVisualStudioVersion = 10.0.40219.1
Project("{FAE04EC0-301F-11D3-BF4B-00C04F79EFBC}") = "ContentTemplateDemo", "ContentTemplateDemo.csproj", "{3CC4F93E-8B36-4BFB-923C-7AC936084F76}"
EndProject
Global
	GlobalSection(SolutionConfigurationPlatforms) = preSolution
		Debug|Any CPU = Debug|Any CPU
		Release|Any CPU = Release|Any CPU
	EndGlobalSection
	GlobalSection(ProjectConfigurationPlatforms) = postSolution
		{3CC4F93E-8B36-4BFB-923C-7AC936084F76}.Debug|Any CPU.ActiveCfg = Debug|Any CPU
		{3CC4F93E-8B36-4BFB-923C-7AC936084F76}.Debug|Any CPU.Build.0 = Debug|Any CPU
		{3CC4F93E-8B36-4BFB-923C-7AC936084F76}.Release|Any CPU.ActiveCfg = Release|Any CPU
		{3CC4F93E-8B36-4BFB-923C-7AC936084F76}.Release|Any CPU.Build.0 = Release|Any CPU
	EndGlobalSection
	GlobalSection(SolutionProperties) = preSolution
		HideSolutionNode = FALSE
	EndGlobalSection
	GlobalSection(ExtensibilityGlobals) = postSolution
		SolutionGuid = {E5B18872-AA91-4298-8C7B-1A168A52E3BA}
	EndGlobalSection
EndGlobal
